
Microsoft Visual Studio Solution File, Format Version 12.00
# Visual Studio Version 17
VisualStudioVersion = 17.8.34330.188
MinimumVisualStudioVersion = 10.0.40219.1
Project("{FAE04EC0-301F-11D3-BF4B-00C04F79EFBC}") = "NeuralNetworks", "NeuralNetworks\NeuralNetworks.csproj", "{316172E7-F59F-47A6-B7DD-51381F0FA0FA}"
EndProject
Global
	GlobalSection(SolutionConfigurationPlatforms) = preSolution
		Debug|Any CPU = Debug|Any CPU
		Release|Any CPU = Release|Any CPU
	EndGlobalSection
	GlobalSection(ProjectConfigurationPlatforms) = postSolution
		{316172E7-F59F-47A6-B7DD-51381F0FA0FA}.Debug|Any CPU.ActiveCfg = Debug|Any CPU
		{316172E7-F59F-47A6-B7DD-51381F0FA0FA}.Debug|Any CPU.Build.0 = Debug|Any CPU
		{316172E7-F59F-47A6-B7DD-51381F0FA0FA}.Release|Any CPU.ActiveCfg = Release|Any CPU
		{316172E7-F59F-47A6-B7DD-51381F0FA0FA}.Release|Any CPU.Build.0 = Release|Any CPU
	EndGlobalSection
	GlobalSection(SolutionProperties) = preSolution
		HideSolutionNode = FALSE
	EndGlobalSection
	GlobalSection(ExtensibilityGlobals) = postSolution
		SolutionGuid = {06A0CCAE-B972-4903-8256-35B0D8909988}
	EndGlobalSection
EndGlobal
